
Microsoft Visual Studio Solution File, Format Version 12.00
# Visual Studio 15
VisualStudioVersion = 15.0.27428.2043
MinimumVisualStudioVersion = 10.0.40219.1
Project("{FAE04EC0-301F-11D3-BF4B-00C04F79EFBC}") = "Pentalog1", "Pentalog1\Pentalog1.csproj", "{1BCC6BC5-EA69-47B1-A4F0-60C25CD9ECA7}"
EndProject
Global
	GlobalSection(SolutionConfigurationPlatforms) = preSolution
		Debug|Any CPU = Debug|Any CPU
		Release|Any CPU = Release|Any CPU
	EndGlobalSection
	GlobalSection(ProjectConfigurationPlatforms) = postSolution
		{1BCC6BC5-EA69-47B1-A4F0-60C25CD9ECA7}.Debug|Any CPU.ActiveCfg = Debug|Any CPU
		{1BCC6BC5-EA69-47B1-A4F0-60C25CD9ECA7}.Debug|Any CPU.Build.0 = Debug|Any CPU
		{1BCC6BC5-EA69-47B1-A4F0-60C25CD9ECA7}.Release|Any CPU.ActiveCfg = Release|Any CPU
		{1BCC6BC5-EA69-47B1-A4F0-60C25CD9ECA7}.Release|Any CPU.Build.0 = Release|Any CPU
	EndGlobalSection
	GlobalSection(SolutionProperties) = preSolution
		HideSolutionNode = FALSE
	EndGlobalSection
	GlobalSection(ExtensibilityGlobals) = postSolution
		SolutionGuid = {8C16047E-B2C7-4D25-ACE4-20FACB8EA1C8}
	EndGlobalSection
EndGlobal
